
Microsoft Visual Studio Solution File, Format Version 12.00
# Visual Studio 15
VisualStudioVersion = 15.0.28307.1169
MinimumVisualStudioVersion = 10.0.40219.1
Project("{FAE04EC0-301F-11D3-BF4B-00C04F79EFBC}") = "CsharpHomework2.2", "CsharpHomework2.2\CsharpHomework2.2.csproj", "{02F81AF6-18D7-48B9-9EFD-77109063326F}"
EndProject
Global
	GlobalSection(SolutionConfigurationPlatforms) = preSolution
		Debug|Any CPU = Debug|Any CPU
		Release|Any CPU = Release|Any CPU
	EndGlobalSection
	GlobalSection(ProjectConfigurationPlatforms) = postSolution
		{02F81AF6-18D7-48B9-9EFD-77109063326F}.Debug|Any CPU.ActiveCfg = Debug|Any CPU
		{02F81AF6-18D7-48B9-9EFD-77109063326F}.Debug|Any CPU.Build.0 = Debug|Any CPU
		{02F81AF6-18D7-48B9-9EFD-77109063326F}.Release|Any CPU.ActiveCfg = Release|Any CPU
		{02F81AF6-18D7-48B9-9EFD-77109063326F}.Release|Any CPU.Build.0 = Release|Any CPU
	EndGlobalSection
	GlobalSection(SolutionProperties) = preSolution
		HideSolutionNode = FALSE
	EndGlobalSection
	GlobalSection(ExtensibilityGlobals) = postSolution
		SolutionGuid = {8953F675-B79D-4AE0-BB4D-D113669C97B7}
	EndGlobalSection
EndGlobal
